# THIS IS AN AUTOGENERATED FILE. DO NOT EDIT THIS FILE DIRECTLY.
# yarn lockfile v1


"@vant/weapp@^1.11.1":
  version "1.11.1"
  resolved "https://registry.npmjs.org/@vant/weapp/-/weapp-1.11.1.tgz#26d3196751bb3602b2801554bac346d42d2e88b7"
  integrity sha512-2QddSq3MsozbTBAgEmW1rhzsEJNWPF2VS427M5pOOn0a7/f6lW+tymwdTcOQCzQONavhFwBv6Lebbs/UjE3Yig==

eventemitter3@^4.0.0:
  version "4.0.7"
  resolved "https://registry.npmjs.org/eventemitter3/-/eventemitter3-4.0.7.tgz#2de9b68f6528d5644ef5c59526a1b4a07306169f"
  integrity sha512-8guHBZCwKnFhYdHr2ysuRWErTwhoN2X8XELRlrRwpmfeY2jjuUN4taQMsULKUVo1K4DvZl+0pgfyoysHxvmvEw==

widget-ui@^1.0.2:
  version "1.0.2"
  resolved "https://registry.npmjs.org/widget-ui/-/widget-ui-1.0.2.tgz#d65a560b91739fbd0ea7c2f5f2d28fe4c0132470"
  integrity sha512-gDXosr5mflJdMA1weU1A47aTsTFfMJhfA4EKgO5XFebY3eVklf80KD4GODfrjo8J2WQ+9YjL1Rd9UUmKIzhShw==
  dependencies:
    eventemitter3 "^4.0.0"

wxml-to-canvas@^1.1.1:
  version "1.1.1"
  resolved "https://registry.npmjs.org/wxml-to-canvas/-/wxml-to-canvas-1.1.1.tgz#64771473fb1e251bdad94f8c6ffa7dd64290e7ca"
  integrity sha512-3mDjHzujY/UgdCOXij/MnmwJYerVjwkyQHMBFBE8zh89DK7h7UTzoydWFqEBjIC0rfZM+AXl5kDh9hUcsNpSmg==
  dependencies:
    widget-ui "^1.0.2"
